
Microsoft Visual Studio Solution File, Format Version 12.00
# Visual Studio Version 17
VisualStudioVersion = 17.11.35327.3
MinimumVisualStudioVersion = 10.0.40219.1
Project("{FAE04EC0-301F-11D3-BF4B-00C04F79EFBC}") = "ChatAppServer", "ChatAppServer\ChatAppServer.csproj", "{B1B78A84-63FD-4418-B313-600BC60E0638}"
EndProject
Global
	GlobalSection(SolutionConfigurationPlatforms) = preSolution
		Debug|Any CPU = Debug|Any CPU
		Release|Any CPU = Release|Any CPU
	EndGlobalSection
	GlobalSection(ProjectConfigurationPlatforms) = postSolution
		{B1B78A84-63FD-4418-B313-600BC60E0638}.Debug|Any CPU.ActiveCfg = Debug|Any CPU
		{B1B78A84-63FD-4418-B313-600BC60E0638}.Debug|Any CPU.Build.0 = Debug|Any CPU
		{B1B78A84-63FD-4418-B313-600BC60E0638}.Release|Any CPU.ActiveCfg = Release|Any CPU
		{B1B78A84-63FD-4418-B313-600BC60E0638}.Release|Any CPU.Build.0 = Release|Any CPU
	EndGlobalSection
	GlobalSection(SolutionProperties) = preSolution
		HideSolutionNode = FALSE
	EndGlobalSection
	GlobalSection(ExtensibilityGlobals) = postSolution
		SolutionGuid = {62019F26-24F1-424E-8390-95871FFC37A2}
	EndGlobalSection
EndGlobal
